
Microsoft Visual Studio Solution File, Format Version 12.00
# Visual Studio 15
VisualStudioVersion = 15.0.27130.2027
MinimumVisualStudioVersion = 10.0.40219.1
Project("{FAE04EC0-301F-11D3-BF4B-00C04F79EFBC}") = "DBD_Comp1", "DBD_Comp1\DBD_Comp1.csproj", "{1B64C121-D571-460A-84BC-FDE832207F8F}"
EndProject
Global
	GlobalSection(SolutionConfigurationPlatforms) = preSolution
		Debug|Any CPU = Debug|Any CPU
		Release|Any CPU = Release|Any CPU
	EndGlobalSection
	GlobalSection(ProjectConfigurationPlatforms) = postSolution
		{1B64C121-D571-460A-84BC-FDE832207F8F}.Debug|Any CPU.ActiveCfg = Debug|Any CPU
		{1B64C121-D571-460A-84BC-FDE832207F8F}.Debug|Any CPU.Build.0 = Debug|Any CPU
		{1B64C121-D571-460A-84BC-FDE832207F8F}.Release|Any CPU.ActiveCfg = Release|Any CPU
		{1B64C121-D571-460A-84BC-FDE832207F8F}.Release|Any CPU.Build.0 = Release|Any CPU
	EndGlobalSection
	GlobalSection(SolutionProperties) = preSolution
		HideSolutionNode = FALSE
	EndGlobalSection
	GlobalSection(ExtensibilityGlobals) = postSolution
		SolutionGuid = {F23BA097-E7DC-46B4-90C8-AEA81C341857}
	EndGlobalSection
EndGlobal
