
Microsoft Visual Studio Solution File, Format Version 12.00
# Visual Studio 15
VisualStudioVersion = 15.0.27004.2002
MinimumVisualStudioVersion = 10.0.40219.1
Project("{FAE04EC0-301F-11D3-BF4B-00C04F79EFBC}") = "Comp1", "Comp1\Comp1.csproj", "{90757BEC-3B59-4D5B-BC6A-0729A7D8BDE2}"
EndProject
Global
	GlobalSection(SolutionConfigurationPlatforms) = preSolution
		Debug|Any CPU = Debug|Any CPU
		Release|Any CPU = Release|Any CPU
	EndGlobalSection
	GlobalSection(ProjectConfigurationPlatforms) = postSolution
		{90757BEC-3B59-4D5B-BC6A-0729A7D8BDE2}.Debug|Any CPU.ActiveCfg = Debug|Any CPU
		{90757BEC-3B59-4D5B-BC6A-0729A7D8BDE2}.Debug|Any CPU.Build.0 = Debug|Any CPU
		{90757BEC-3B59-4D5B-BC6A-0729A7D8BDE2}.Release|Any CPU.ActiveCfg = Release|Any CPU
		{90757BEC-3B59-4D5B-BC6A-0729A7D8BDE2}.Release|Any CPU.Build.0 = Release|Any CPU
	EndGlobalSection
	GlobalSection(SolutionProperties) = preSolution
		HideSolutionNode = FALSE
	EndGlobalSection
	GlobalSection(ExtensibilityGlobals) = postSolution
		SolutionGuid = {F23BA097-E7DC-46B4-90C8-AEA81C341857}
	EndGlobalSection
EndGlobal
